
Microsoft Visual Studio Solution File, Format Version 12.00
# Visual Studio Version 17
VisualStudioVersion = 17.3.32819.101
MinimumVisualStudioVersion = 10.0.40219.1
Project("{FAE04EC0-301F-11D3-BF4B-00C04F79EFBC}") = "prj29000_Lista02_Ex07", "prj29000_Lista02_Ex07.csproj", "{52580D8E-8EC0-479E-8609-AA51B464D21D}"
EndProject
Global
	GlobalSection(SolutionConfigurationPlatforms) = preSolution
		Debug|Any CPU = Debug|Any CPU
		Release|Any CPU = Release|Any CPU
	EndGlobalSection
	GlobalSection(ProjectConfigurationPlatforms) = postSolution
		{52580D8E-8EC0-479E-8609-AA51B464D21D}.Debug|Any CPU.ActiveCfg = Debug|Any CPU
		{52580D8E-8EC0-479E-8609-AA51B464D21D}.Debug|Any CPU.Build.0 = Debug|Any CPU
		{52580D8E-8EC0-479E-8609-AA51B464D21D}.Release|Any CPU.ActiveCfg = Release|Any CPU
		{52580D8E-8EC0-479E-8609-AA51B464D21D}.Release|Any CPU.Build.0 = Release|Any CPU
	EndGlobalSection
	GlobalSection(SolutionProperties) = preSolution
		HideSolutionNode = FALSE
	EndGlobalSection
	GlobalSection(ExtensibilityGlobals) = postSolution
		SolutionGuid = {943567C3-3508-4907-81E4-10AD595867AE}
	EndGlobalSection
EndGlobal
