
Microsoft Visual Studio Solution File, Format Version 12.00
# Visual Studio Version 17
VisualStudioVersion = 17.3.32819.101
MinimumVisualStudioVersion = 10.0.40219.1
Project("{FAE04EC0-301F-11D3-BF4B-00C04F79EFBC}") = "prj29000_Lista02_Ex01", "prj29000_Lista02_Ex01.csproj", "{4BDD165B-9EE8-418C-BA9D-228028CB00C1}"
EndProject
Global
	GlobalSection(SolutionConfigurationPlatforms) = preSolution
		Debug|Any CPU = Debug|Any CPU
		Release|Any CPU = Release|Any CPU
	EndGlobalSection
	GlobalSection(ProjectConfigurationPlatforms) = postSolution
		{4BDD165B-9EE8-418C-BA9D-228028CB00C1}.Debug|Any CPU.ActiveCfg = Debug|Any CPU
		{4BDD165B-9EE8-418C-BA9D-228028CB00C1}.Debug|Any CPU.Build.0 = Debug|Any CPU
		{4BDD165B-9EE8-418C-BA9D-228028CB00C1}.Release|Any CPU.ActiveCfg = Release|Any CPU
		{4BDD165B-9EE8-418C-BA9D-228028CB00C1}.Release|Any CPU.Build.0 = Release|Any CPU
	EndGlobalSection
	GlobalSection(SolutionProperties) = preSolution
		HideSolutionNode = FALSE
	EndGlobalSection
	GlobalSection(ExtensibilityGlobals) = postSolution
		SolutionGuid = {DB32F653-2F0E-4368-B4D2-28EF8AAD0119}
	EndGlobalSection
EndGlobal
