
Microsoft Visual Studio Solution File, Format Version 12.00
# Visual Studio Version 17
VisualStudioVersion = 17.3.32819.101
MinimumVisualStudioVersion = 10.0.40219.1
Project("{FAE04EC0-301F-11D3-BF4B-00C04F79EFBC}") = "prj29000_Lista02_Ex10", "prj29000_Lista02_Ex10.csproj", "{5E61CF78-F00D-4510-9358-92EE52286551}"
EndProject
Global
	GlobalSection(SolutionConfigurationPlatforms) = preSolution
		Debug|Any CPU = Debug|Any CPU
		Release|Any CPU = Release|Any CPU
	EndGlobalSection
	GlobalSection(ProjectConfigurationPlatforms) = postSolution
		{5E61CF78-F00D-4510-9358-92EE52286551}.Debug|Any CPU.ActiveCfg = Debug|Any CPU
		{5E61CF78-F00D-4510-9358-92EE52286551}.Debug|Any CPU.Build.0 = Debug|Any CPU
		{5E61CF78-F00D-4510-9358-92EE52286551}.Release|Any CPU.ActiveCfg = Release|Any CPU
		{5E61CF78-F00D-4510-9358-92EE52286551}.Release|Any CPU.Build.0 = Release|Any CPU
	EndGlobalSection
	GlobalSection(SolutionProperties) = preSolution
		HideSolutionNode = FALSE
	EndGlobalSection
	GlobalSection(ExtensibilityGlobals) = postSolution
		SolutionGuid = {079BB96B-09F4-41EE-B2ED-E9719CA3381C}
	EndGlobalSection
EndGlobal
